
Microsoft Visual Studio Solution File, Format Version 12.00
# Visual Studio Version 17
VisualStudioVersion = 17.0.31919.166
MinimumVisualStudioVersion = 10.0.40219.1
Project("{9A19103F-16F7-4668-BE54-9A1E7A4F7556}") = "LiskovsSubtitution", "LiskovsSubtitution\LiskovsSubtitution.csproj", "{7DEC3283-4CC1-4EED-8926-A6C03D7B8E4F}"
EndProject
Global
	GlobalSection(SolutionConfigurationPlatforms) = preSolution
		Debug|Any CPU = Debug|Any CPU
		Release|Any CPU = Release|Any CPU
	EndGlobalSection
	GlobalSection(ProjectConfigurationPlatforms) = postSolution
		{7DEC3283-4CC1-4EED-8926-A6C03D7B8E4F}.Debug|Any CPU.ActiveCfg = Debug|Any CPU
		{7DEC3283-4CC1-4EED-8926-A6C03D7B8E4F}.Debug|Any CPU.Build.0 = Debug|Any CPU
		{7DEC3283-4CC1-4EED-8926-A6C03D7B8E4F}.Release|Any CPU.ActiveCfg = Release|Any CPU
		{7DEC3283-4CC1-4EED-8926-A6C03D7B8E4F}.Release|Any CPU.Build.0 = Release|Any CPU
	EndGlobalSection
	GlobalSection(SolutionProperties) = preSolution
		HideSolutionNode = FALSE
	EndGlobalSection
	GlobalSection(ExtensibilityGlobals) = postSolution
		SolutionGuid = {D00DEC6E-723C-497C-8375-E93911340A45}
	EndGlobalSection
EndGlobal
