
Microsoft Visual Studio Solution File, Format Version 12.00
# Visual Studio Version 17
VisualStudioVersion = 17.0.31919.166
MinimumVisualStudioVersion = 10.0.40219.1
Project("{FAE04EC0-301F-11D3-BF4B-00C04F79EFBC}") = "OpenClose", "OpenClose\OpenClose.csproj", "{AAD520C3-5139-4072-8D8A-32611CC0E275}"
EndProject
Global
	GlobalSection(SolutionConfigurationPlatforms) = preSolution
		Debug|Any CPU = Debug|Any CPU
		Release|Any CPU = Release|Any CPU
	EndGlobalSection
	GlobalSection(ProjectConfigurationPlatforms) = postSolution
		{AAD520C3-5139-4072-8D8A-32611CC0E275}.Debug|Any CPU.ActiveCfg = Debug|Any CPU
		{AAD520C3-5139-4072-8D8A-32611CC0E275}.Debug|Any CPU.Build.0 = Debug|Any CPU
		{AAD520C3-5139-4072-8D8A-32611CC0E275}.Release|Any CPU.ActiveCfg = Release|Any CPU
		{AAD520C3-5139-4072-8D8A-32611CC0E275}.Release|Any CPU.Build.0 = Release|Any CPU
	EndGlobalSection
	GlobalSection(SolutionProperties) = preSolution
		HideSolutionNode = FALSE
	EndGlobalSection
	GlobalSection(ExtensibilityGlobals) = postSolution
		SolutionGuid = {C5D27B75-1640-4E9B-81BE-C8B45A3EF396}
	EndGlobalSection
EndGlobal
